{
  "name": "Selenium_Flipcart",
  "lockfileVersion": 2,
  "requires": true,
  "packages": {
    "": {
      "devDependencies": {
        "allure-commandline": "^2.22.0"
      }
    },
    "node_modules/allure-commandline": {
      "version": "2.22.0",
      "resolved": "https://registry.npmjs.org/allure-commandline/-/allure-commandline-2.22.0.tgz",
      "integrity": "sha512-A5F8fECbSQeqbundIWxViIZ3NdN7PKRdW8Pwb84+JR3CIEf+tfwv32/LODVeL7fwr5zXgDsk9jZ//Baz73pTdA==",
      "dev": true,
      "bin": {
        "allure": "bin/allure"
      }
    }
  },
  "dependencies": {
    "allure-commandline": {
      "version": "2.22.0",
      "resolved": "https://registry.npmjs.org/allure-commandline/-/allure-commandline-2.22.0.tgz",
      "integrity": "sha512-A5F8fECbSQeqbundIWxViIZ3NdN7PKRdW8Pwb84+JR3CIEf+tfwv32/LODVeL7fwr5zXgDsk9jZ//Baz73pTdA==",
      "dev": true
    }
  }
}
